// !$*UTF8*$!
{
	archiveVersion = 1;
	classes = {
	};
	objectVersion = 56;
	objects = {

/* Begin PBXBuildFile section */
		8D19E58B29DF3462000ABF28 /* ProfilePhotoSelectorView.swift in Sources */ = {isa = PBXBuildFile; fileRef = 8D19E58A29DF3462000ABF28 /* ProfilePhotoSelectorView.swift */; };
		8D2D4CF829D4BD4300D5E610 /* TwitterCloneSwiftUIApp.swift in Sources */ = {isa = PBXBuildFile; fileRef = 8D2D4CF729D4BD4300D5E610 /* TwitterCloneSwiftUIApp.swift */; };
		8D2D4CFA29D4BD4300D5E610 /* ContentView.swift in Sources */ = {isa = PBXBuildFile; fileRef = 8D2D4CF929D4BD4300D5E610 /* ContentView.swift */; };
		8D2D4CFC29D4BD4400D5E610 /* Assets.xcassets in Resources */ = {isa = PBXBuildFile; fileRef = 8D2D4CFB29D4BD4400D5E610 /* Assets.xcassets */; };
		8D2D4CFF29D4BD4400D5E610 /* Preview Assets.xcassets in Resources */ = {isa = PBXBuildFile; fileRef = 8D2D4CFE29D4BD4400D5E610 /* Preview Assets.xcassets */; };
		8D2D4D0F29D4BD4400D5E610 /* FeedView.swift in Sources */ = {isa = PBXBuildFile; fileRef = 8D2D4D0E29D4BD4400D5E610 /* FeedView.swift */; };
		8D2D4D1229D4CBC400D5E610 /* TweetRowView.swift in Sources */ = {isa = PBXBuildFile; fileRef = 8D2D4D1129D4CBC400D5E610 /* TweetRowView.swift */; };
		8D2D4D1829D4D44B00D5E610 /* MainTabView.swift in Sources */ = {isa = PBXBuildFile; fileRef = 8D2D4D1729D4D44B00D5E610 /* MainTabView.swift */; };
		8D2D4D1E29D4D67F00D5E610 /* ExploreView.swift in Sources */ = {isa = PBXBuildFile; fileRef = 8D2D4D1D29D4D67F00D5E610 /* ExploreView.swift */; };
		8D2D4D2029D4D6A500D5E610 /* NotificationsView.swift in Sources */ = {isa = PBXBuildFile; fileRef = 8D2D4D1F29D4D6A500D5E610 /* NotificationsView.swift */; };
		8D2D4D2229D4D6BC00D5E610 /* MessegesView.swift in Sources */ = {isa = PBXBuildFile; fileRef = 8D2D4D2129D4D6BC00D5E610 /* MessegesView.swift */; };
		8D2D4D2629D5E3D900D5E610 /* ProfileView.swift in Sources */ = {isa = PBXBuildFile; fileRef = 8D2D4D2529D5E3D900D5E610 /* ProfileView.swift */; };
		8D2D4D2829D5E3D900D5E610 /* TweetFilterViewModel.swift in Sources */ = {isa = PBXBuildFile; fileRef = 8D2D4D2729D5E3D900D5E610 /* TweetFilterViewModel.swift */; };
		8D2D4D2D29D5F98200D5E610 /* UserRowView.swift in Sources */ = {isa = PBXBuildFile; fileRef = 8D2D4D2C29D5F98200D5E610 /* UserRowView.swift */; };
		8D2D4D3229D75B8E00D5E610 /* SideMenuView.swift in Sources */ = {isa = PBXBuildFile; fileRef = 8D2D4D3129D75B8E00D5E610 /* SideMenuView.swift */; };
		8D2D4D3829D75C2D00D5E610 /* SideMenuViewModel.swift in Sources */ = {isa = PBXBuildFile; fileRef = 8D2D4D3729D75C2D00D5E610 /* SideMenuViewModel.swift */; };
		8D2D4D3A29D7613200D5E610 /* UserStatsView.swift in Sources */ = {isa = PBXBuildFile; fileRef = 8D2D4D3929D7613200D5E610 /* UserStatsView.swift */; };
		8D2D4D3C29D88D9400D5E610 /* SideMenuOptionRowView.swift in Sources */ = {isa = PBXBuildFile; fileRef = 8D2D4D3B29D88D9400D5E610 /* SideMenuOptionRowView.swift */; };
		8D4FCD3229DB796600DC6D01 /* GoogleService-Info.plist in Resources */ = {isa = PBXBuildFile; fileRef = 8D4FCD3129DB796600DC6D01 /* GoogleService-Info.plist */; };
		8D4FCD3529DB7A6B00DC6D01 /* FirebaseAuth in Frameworks */ = {isa = PBXBuildFile; productRef = 8D4FCD3429DB7A6B00DC6D01 /* FirebaseAuth */; };
		8D4FCD3729DB7A6B00DC6D01 /* FirebaseFirestore in Frameworks */ = {isa = PBXBuildFile; productRef = 8D4FCD3629DB7A6B00DC6D01 /* FirebaseFirestore */; };
		8D4FCD3929DB7A6B00DC6D01 /* FirebaseFirestoreSwift in Frameworks */ = {isa = PBXBuildFile; productRef = 8D4FCD3829DB7A6B00DC6D01 /* FirebaseFirestoreSwift */; };
		8D4FCD3B29DB7A6B00DC6D01 /* FirebaseStorage in Frameworks */ = {isa = PBXBuildFile; productRef = 8D4FCD3A29DB7A6B00DC6D01 /* FirebaseStorage */; };
		8D4FCD5029DC9D3100DC6D01 /* AuthViewModel.swift in Sources */ = {isa = PBXBuildFile; fileRef = 8D4FCD4F29DC9D3100DC6D01 /* AuthViewModel.swift */; };
		8D96183A29DB223500306152 /* LoginView.swift in Sources */ = {isa = PBXBuildFile; fileRef = 8D96183929DB223500306152 /* LoginView.swift */; };
		8D96183C29DB224200306152 /* RegistrationView.swift in Sources */ = {isa = PBXBuildFile; fileRef = 8D96183B29DB224200306152 /* RegistrationView.swift */; };
		8D96183E29DB266E00306152 /* RoundedShape.swift in Sources */ = {isa = PBXBuildFile; fileRef = 8D96183D29DB266E00306152 /* RoundedShape.swift */; };
		8D96184029DB71EA00306152 /* CustomInputField.swift in Sources */ = {isa = PBXBuildFile; fileRef = 8D96183F29DB71EA00306152 /* CustomInputField.swift */; };
		8D96184329DC300100306152 /* AuthHeaderView.swift in Sources */ = {isa = PBXBuildFile; fileRef = 8D96184229DC300100306152 /* AuthHeaderView.swift */; };
		8DD6A8CF29E30E3000F8E7FD /* ImagePicker.swift in Sources */ = {isa = PBXBuildFile; fileRef = 8DD6A8CE29E30E3000F8E7FD /* ImagePicker.swift */; };
		8DD6A8D129E3190600F8E7FD /* ImageUploader.swift in Sources */ = {isa = PBXBuildFile; fileRef = 8DD6A8D029E3190600F8E7FD /* ImageUploader.swift */; };
		8DD91DE829DA1DF900D72D75 /* NewTweetView.swift in Sources */ = {isa = PBXBuildFile; fileRef = 8DD91DE729DA1DF900D72D75 /* NewTweetView.swift */; };
		8DD91DEA29DA1FCC00D72D75 /* TextArea.swift in Sources */ = {isa = PBXBuildFile; fileRef = 8DD91DE929DA1FCC00D72D75 /* TextArea.swift */; };
/* End PBXBuildFile section */

/* Begin PBXFileReference section */
		8D19E58A29DF3462000ABF28 /* ProfilePhotoSelectorView.swift */ = {isa = PBXFileReference; lastKnownFileType = sourcecode.swift; path = ProfilePhotoSelectorView.swift; sourceTree = "<group>"; };
		8D2D4CF429D4BD4300D5E610 /* TwitterCloneSwiftUI.app */ = {isa = PBXFileReference; explicitFileType = wrapper.application; includeInIndex = 0; path = TwitterCloneSwiftUI.app; sourceTree = BUILT_PRODUCTS_DIR; };
		8D2D4CF729D4BD4300D5E610 /* TwitterCloneSwiftUIApp.swift */ = {isa = PBXFileReference; lastKnownFileType = sourcecode.swift; path = TwitterCloneSwiftUIApp.swift; sourceTree = "<group>"; };
		8D2D4CF929D4BD4300D5E610 /* ContentView.swift */ = {isa = PBXFileReference; lastKnownFileType = sourcecode.swift; path = ContentView.swift; sourceTree = "<group>"; };
		8D2D4CFB29D4BD4400D5E610 /* Assets.xcassets */ = {isa = PBXFileReference; lastKnownFileType = folder.assetcatalog; path = Assets.xcassets; sourceTree = "<group>"; };
		8D2D4CFE29D4BD4400D5E610 /* Preview Assets.xcassets */ = {isa = PBXFileReference; lastKnownFileType = folder.assetcatalog; path = "Preview Assets.xcassets"; sourceTree = "<group>"; };
		8D2D4D0529D4BD4400D5E610 /* .gitignore.md */ = {isa = PBXFileReference; lastKnownFileType = net.daringfireball.markdown; path = .gitignore.md; sourceTree = "<group>"; };
		8D2D4D0E29D4BD4400D5E610 /* FeedView.swift */ = {isa = PBXFileReference; lastKnownFileType = sourcecode.swift; path = FeedView.swift; sourceTree = "<group>"; };
		8D2D4D1129D4CBC400D5E610 /* TweetRowView.swift */ = {isa = PBXFileReference; lastKnownFileType = sourcecode.swift; path = TweetRowView.swift; sourceTree = "<group>"; };
		8D2D4D1729D4D44B00D5E610 /* MainTabView.swift */ = {isa = PBXFileReference; lastKnownFileType = sourcecode.swift; path = MainTabView.swift; sourceTree = "<group>"; };
		8D2D4D1D29D4D67F00D5E610 /* ExploreView.swift */ = {isa = PBXFileReference; lastKnownFileType = sourcecode.swift; path = ExploreView.swift; sourceTree = "<group>"; };
		8D2D4D1F29D4D6A500D5E610 /* NotificationsView.swift */ = {isa = PBXFileReference; lastKnownFileType = sourcecode.swift; path = NotificationsView.swift; sourceTree = "<group>"; };
		8D2D4D2129D4D6BC00D5E610 /* MessegesView.swift */ = {isa = PBXFileReference; lastKnownFileType = sourcecode.swift; path = MessegesView.swift; sourceTree = "<group>"; };
		8D2D4D2529D5E3D900D5E610 /* ProfileView.swift */ = {isa = PBXFileReference; lastKnownFileType = sourcecode.swift; path = ProfileView.swift; sourceTree = "<group>"; };
		8D2D4D2729D5E3D900D5E610 /* TweetFilterViewModel.swift */ = {isa = PBXFileReference; lastKnownFileType = sourcecode.swift; path = TweetFilterViewModel.swift; sourceTree = "<group>"; };
		8D2D4D2C29D5F98200D5E610 /* UserRowView.swift */ = {isa = PBXFileReference; lastKnownFileType = sourcecode.swift; path = UserRowView.swift; sourceTree = "<group>"; };
		8D2D4D3129D75B8E00D5E610 /* SideMenuView.swift */ = {isa = PBXFileReference; lastKnownFileType = sourcecode.swift; path = SideMenuView.swift; sourceTree = "<group>"; };
		8D2D4D3729D75C2D00D5E610 /* SideMenuViewModel.swift */ = {isa = PBXFileReference; lastKnownFileType = sourcecode.swift; path = SideMenuViewModel.swift; sourceTree = "<group>"; };
		8D2D4D3929D7613200D5E610 /* UserStatsView.swift */ = {isa = PBXFileReference; lastKnownFileType = sourcecode.swift; path = UserStatsView.swift; sourceTree = "<group>"; };
		8D2D4D3B29D88D9400D5E610 /* SideMenuOptionRowView.swift */ = {isa = PBXFileReference; lastKnownFileType = sourcecode.swift; path = SideMenuOptionRowView.swift; sourceTree = "<group>"; };
		8D4FCD3129DB796600DC6D01 /* GoogleService-Info.plist */ = {isa = PBXFileReference; lastKnownFileType = text.plist; path = "GoogleService-Info.plist"; sourceTree = SOURCE_ROOT; };
		8D4FCD4F29DC9D3100DC6D01 /* AuthViewModel.swift */ = {isa = PBXFileReference; lastKnownFileType = sourcecode.swift; path = AuthViewModel.swift; sourceTree = "<group>"; };
		8D96183929DB223500306152 /* LoginView.swift */ = {isa = PBXFileReference; lastKnownFileType = sourcecode.swift; path = LoginView.swift; sourceTree = "<group>"; };
		8D96183B29DB224200306152 /* RegistrationView.swift */ = {isa = PBXFileReference; lastKnownFileType = sourcecode.swift; path = RegistrationView.swift; sourceTree = "<group>"; };
		8D96183D29DB266E00306152 /* RoundedShape.swift */ = {isa = PBXFileReference; lastKnownFileType = sourcecode.swift; path = RoundedShape.swift; sourceTree = "<group>"; };
		8D96183F29DB71EA00306152 /* CustomInputField.swift */ = {isa = PBXFileReference; lastKnownFileType = sourcecode.swift; path = CustomInputField.swift; sourceTree = "<group>"; };
		8D96184229DC300100306152 /* AuthHeaderView.swift */ = {isa = PBXFileReference; lastKnownFileType = sourcecode.swift; path = AuthHeaderView.swift; sourceTree = "<group>"; };
		8DD6A8CE29E30E3000F8E7FD /* ImagePicker.swift */ = {isa = PBXFileReference; lastKnownFileType = sourcecode.swift; path = ImagePicker.swift; sourceTree = "<group>"; };
		8DD6A8D029E3190600F8E7FD /* ImageUploader.swift */ = {isa = PBXFileReference; lastKnownFileType = sourcecode.swift; path = ImageUploader.swift; sourceTree = "<group>"; };
		8DD91DE729DA1DF900D72D75 /* NewTweetView.swift */ = {isa = PBXFileReference; lastKnownFileType = sourcecode.swift; path = NewTweetView.swift; sourceTree = "<group>"; };
		8DD91DE929DA1FCC00D72D75 /* TextArea.swift */ = {isa = PBXFileReference; lastKnownFileType = sourcecode.swift; path = TextArea.swift; sourceTree = "<group>"; };
/* End PBXFileReference section */

/* Begin PBXFrameworksBuildPhase section */
		8D2D4CF129D4BD4300D5E610 /* Frameworks */ = {
			isa = PBXFrameworksBuildPhase;
			buildActionMask = 2147483647;
			files = (
				8D4FCD3529DB7A6B00DC6D01 /* FirebaseAuth in Frameworks */,
				8D4FCD3B29DB7A6B00DC6D01 /* FirebaseStorage in Frameworks */,
				8D4FCD3729DB7A6B00DC6D01 /* FirebaseFirestore in Frameworks */,
				8D4FCD3929DB7A6B00DC6D01 /* FirebaseFirestoreSwift in Frameworks */,
			);
			runOnlyForDeploymentPostprocessing = 0;
		};
/* End PBXFrameworksBuildPhase section */

/* Begin PBXGroup section */
		8D2D4CEB29D4BD4300D5E610 = {
			isa = PBXGroup;
			children = (
				8D2D4D0529D4BD4400D5E610 /* .gitignore.md */,
				8D2D4CF629D4BD4300D5E610 /* TwitterCloneSwiftUI */,
				8D2D4CF529D4BD4300D5E610 /* Products */,
			);
			sourceTree = "<group>";
		};
		8D2D4CF529D4BD4300D5E610 /* Products */ = {
			isa = PBXGroup;
			children = (
				8D2D4CF429D4BD4300D5E610 /* TwitterCloneSwiftUI.app */,
			);
			name = Products;
			sourceTree = "<group>";
		};
		8D2D4CF629D4BD4300D5E610 /* TwitterCloneSwiftUI */ = {
			isa = PBXGroup;
			children = (
				8DD6A8CD29E30DEE00F8E7FD /* Utils */,
				8D2D4D0629D4BD4400D5E610 /* Extensions */,
				8D2D4D0729D4BD4400D5E610 /* Model */,
				8D2D4D0829D4BD4400D5E610 /* Service */,
				8D2D4D0929D4BD4400D5E610 /* Core */,
				8D2D4CF729D4BD4300D5E610 /* TwitterCloneSwiftUIApp.swift */,
				8D2D4CF929D4BD4300D5E610 /* ContentView.swift */,
				8D2D4CFB29D4BD4400D5E610 /* Assets.xcassets */,
				8D4FCD3129DB796600DC6D01 /* GoogleService-Info.plist */,
				8D2D4CFD29D4BD4400D5E610 /* Preview Content */,
			);
			path = TwitterCloneSwiftUI;
			sourceTree = "<group>";
		};
		8D2D4CFD29D4BD4400D5E610 /* Preview Content */ = {
			isa = PBXGroup;
			children = (
				8D2D4CFE29D4BD4400D5E610 /* Preview Assets.xcassets */,
			);
			path = "Preview Content";
			sourceTree = "<group>";
		};
		8D2D4D0629D4BD4400D5E610 /* Extensions */ = {
			isa = PBXGroup;
			children = (
			);
			path = Extensions;
			sourceTree = "<group>";
		};
		8D2D4D0729D4BD4400D5E610 /* Model */ = {
			isa = PBXGroup;
			children = (
			);
			path = Model;
			sourceTree = "<group>";
		};
		8D2D4D0829D4BD4400D5E610 /* Service */ = {
			isa = PBXGroup;
			children = (
				8DD6A8D029E3190600F8E7FD /* ImageUploader.swift */,
			);
			path = Service;
			sourceTree = "<group>";
		};
		8D2D4D0929D4BD4400D5E610 /* Core */ = {
			isa = PBXGroup;
			children = (
				8D2D4D0A29D4BD4400D5E610 /* Components */,
				8D96183629DB21FE00306152 /* Authentication */,
				8DD91DE429DA1DAD00D72D75 /* UploadTweet */,
				8D2D4D2E29D75B4500D5E610 /* SideMenu */,
				8D2D4D1C29D4D62100D5E610 /* Profile */,
				8D2D4D1B29D4D5E400D5E610 /* Explore */,
				8D2D4D1A29D4D5DC00D5E610 /* Notifications */,
				8D2D4D1929D4D5D800D5E610 /* Messages */,
				8D2D4D1329D4D3A800D5E610 /* MainTab */,
				8D2D4D0B29D4BD4400D5E610 /* Feed */,
			);
			path = Core;
			sourceTree = "<group>";
		};
		8D2D4D0A29D4BD4400D5E610 /* Components */ = {
			isa = PBXGroup;
			children = (
				8D96184129DC2FD100306152 /* Authentication */,
				8D2D4D2B29D5F96300D5E610 /* Users */,
				8D2D4D1029D4CB6F00D5E610 /* Tweets */,
				8DD91DE929DA1FCC00D72D75 /* TextArea.swift */,
				8D96183D29DB266E00306152 /* RoundedShape.swift */,
				8D96183F29DB71EA00306152 /* CustomInputField.swift */,
			);
			path = Components;
			sourceTree = "<group>";
		};
		8D2D4D0B29D4BD4400D5E610 /* Feed */ = {
			isa = PBXGroup;
			children = (
				8D2D4D0D29D4BD4400D5E610 /* ViewModels */,
				8D2D4D0C29D4BD4400D5E610 /* View */,
			);
			path = Feed;
			sourceTree = "<group>";
		};
		8D2D4D0C29D4BD4400D5E610 /* View */ = {
			isa = PBXGroup;
			children = (
				8D2D4D0E29D4BD4400D5E610 /* FeedView.swift */,
			);
			path = View;
			sourceTree = "<group>";
		};
		8D2D4D0D29D4BD4400D5E610 /* ViewModels */ = {
			isa = PBXGroup;
			children = (
			);
			path = ViewModels;
			sourceTree = "<group>";
		};
		8D2D4D1029D4CB6F00D5E610 /* Tweets */ = {
			isa = PBXGroup;
			children = (
				8D2D4D1129D4CBC400D5E610 /* TweetRowView.swift */,
			);
			path = Tweets;
			sourceTree = "<group>";
		};
		8D2D4D1329D4D3A800D5E610 /* MainTab */ = {
			isa = PBXGroup;
			children = (
				8D2D4D1729D4D44B00D5E610 /* MainTabView.swift */,
			);
			path = MainTab;
			sourceTree = "<group>";
		};
		8D2D4D1929D4D5D800D5E610 /* Messages */ = {
			isa = PBXGroup;
			children = (
				8D2D4D2129D4D6BC00D5E610 /* MessegesView.swift */,
			);
			path = Messages;
			sourceTree = "<group>";
		};
		8D2D4D1A29D4D5DC00D5E610 /* Notifications */ = {
			isa = PBXGroup;
			children = (
				8D2D4D1F29D4D6A500D5E610 /* NotificationsView.swift */,
			);
			path = Notifications;
			sourceTree = "<group>";
		};
		8D2D4D1B29D4D5E400D5E610 /* Explore */ = {
			isa = PBXGroup;
			children = (
				8D2D4D2A29D5F92400D5E610 /* ViewModels */,
				8D2D4D2929D5F92200D5E610 /* Views */,
			);
			path = Explore;
			sourceTree = "<group>";
		};
		8D2D4D1C29D4D62100D5E610 /* Profile */ = {
			isa = PBXGroup;
			children = (
				8D2D4D2429D5E3A600D5E610 /* ViewModel */,
				8D2D4D2329D5E3A400D5E610 /* Views */,
			);
			path = Profile;
			sourceTree = "<group>";
		};
		8D2D4D2329D5E3A400D5E610 /* Views */ = {
			isa = PBXGroup;
			children = (
				8D2D4D2529D5E3D900D5E610 /* ProfileView.swift */,
			);
			path = Views;
			sourceTree = "<group>";
		};
		8D2D4D2429D5E3A600D5E610 /* ViewModel */ = {
			isa = PBXGroup;
			children = (
				8D2D4D2729D5E3D900D5E610 /* TweetFilterViewModel.swift */,
			);
			path = ViewModel;
			sourceTree = "<group>";
		};
		8D2D4D2929D5F92200D5E610 /* Views */ = {
			isa = PBXGroup;
			children = (
				8D2D4D1D29D4D67F00D5E610 /* ExploreView.swift */,
			);
			path = Views;
			sourceTree = "<group>";
		};
		8D2D4D2A29D5F92400D5E610 /* ViewModels */ = {
			isa = PBXGroup;
			children = (
			);
			path = ViewModels;
			sourceTree = "<group>";
		};
		8D2D4D2B29D5F96300D5E610 /* Users */ = {
			isa = PBXGroup;
			children = (
				8D2D4D2C29D5F98200D5E610 /* UserRowView.swift */,
				8D2D4D3929D7613200D5E610 /* UserStatsView.swift */,
			);
			path = Users;
			sourceTree = "<group>";
		};
		8D2D4D2E29D75B4500D5E610 /* SideMenu */ = {
			isa = PBXGroup;
			children = (
				8D2D4D3029D75B5A00D5E610 /* ViewModel */,
				8D2D4D2F29D75B5800D5E610 /* Views */,
			);
			path = SideMenu;
			sourceTree = "<group>";
		};
		8D2D4D2F29D75B5800D5E610 /* Views */ = {
			isa = PBXGroup;
			children = (
				8D2D4D3129D75B8E00D5E610 /* SideMenuView.swift */,
				8D2D4D3B29D88D9400D5E610 /* SideMenuOptionRowView.swift */,
			);
			path = Views;
			sourceTree = "<group>";
		};
		8D2D4D3029D75B5A00D5E610 /* ViewModel */ = {
			isa = PBXGroup;
			children = (
				8D2D4D3729D75C2D00D5E610 /* SideMenuViewModel.swift */,
			);
			path = ViewModel;
			sourceTree = "<group>";
		};
		8D96183629DB21FE00306152 /* Authentication */ = {
			isa = PBXGroup;
			children = (
				8D96183829DB221B00306152 /* ViewModel */,
				8D96183729DB221A00306152 /* Views */,
			);
			path = Authentication;
			sourceTree = "<group>";
		};
		8D96183729DB221A00306152 /* Views */ = {
			isa = PBXGroup;
			children = (
				8D96183929DB223500306152 /* LoginView.swift */,
				8D96183B29DB224200306152 /* RegistrationView.swift */,
				8D19E58A29DF3462000ABF28 /* ProfilePhotoSelectorView.swift */,
			);
			path = Views;
			sourceTree = "<group>";
		};
		8D96183829DB221B00306152 /* ViewModel */ = {
			isa = PBXGroup;
			children = (
				8D4FCD4F29DC9D3100DC6D01 /* AuthViewModel.swift */,
			);
			path = ViewModel;
			sourceTree = "<group>";
		};
		8D96184129DC2FD100306152 /* Authentication */ = {
			isa = PBXGroup;
			children = (
				8D96184229DC300100306152 /* AuthHeaderView.swift */,
			);
			path = Authentication;
			sourceTree = "<group>";
		};
		8DD6A8CD29E30DEE00F8E7FD /* Utils */ = {
			isa = PBXGroup;
			children = (
				8DD6A8CE29E30E3000F8E7FD /* ImagePicker.swift */,
			);
			path = Utils;
			sourceTree = "<group>";
		};
		8DD91DE429DA1DAD00D72D75 /* UploadTweet */ = {
			isa = PBXGroup;
			children = (
				8DD91DE529DA1DC200D72D75 /* ViewModels */,
				8DD91DE629DA1DCC00D72D75 /* Views */,
			);
			path = UploadTweet;
			sourceTree = "<group>";
		};
		8DD91DE529DA1DC200D72D75 /* ViewModels */ = {
			isa = PBXGroup;
			children = (
			);
			path = ViewModels;
			sourceTree = "<group>";
		};
		8DD91DE629DA1DCC00D72D75 /* Views */ = {
			isa = PBXGroup;
			children = (
				8DD91DE729DA1DF900D72D75 /* NewTweetView.swift */,
			);
			path = Views;
			sourceTree = "<group>";
		};
/* End PBXGroup section */

/* Begin PBXNativeTarget section */
		8D2D4CF329D4BD4300D5E610 /* TwitterCloneSwiftUI */ = {
			isa = PBXNativeTarget;
			buildConfigurationList = 8D2D4D0229D4BD4400D5E610 /* Build configuration list for PBXNativeTarget "TwitterCloneSwiftUI" */;
			buildPhases = (
				8D2D4CF029D4BD4300D5E610 /* Sources */,
				8D2D4CF129D4BD4300D5E610 /* Frameworks */,
				8D2D4CF229D4BD4300D5E610 /* Resources */,
			);
			buildRules = (
			);
			dependencies = (
			);
			name = TwitterCloneSwiftUI;
			packageProductDependencies = (
				8D4FCD3429DB7A6B00DC6D01 /* FirebaseAuth */,
				8D4FCD3629DB7A6B00DC6D01 /* FirebaseFirestore */,
				8D4FCD3829DB7A6B00DC6D01 /* FirebaseFirestoreSwift */,
				8D4FCD3A29DB7A6B00DC6D01 /* FirebaseStorage */,
			);
			productName = TwitterCloneSwiftUI;
			productReference = 8D2D4CF429D4BD4300D5E610 /* TwitterCloneSwiftUI.app */;
			productType = "com.apple.product-type.application";
		};
/* End PBXNativeTarget section */

/* Begin PBXProject section */
		8D2D4CEC29D4BD4300D5E610 /* Project object */ = {
			isa = PBXProject;
			attributes = {
				BuildIndependentTargetsInParallel = 1;
				LastSwiftUpdateCheck = 1420;
				LastUpgradeCheck = 1420;
				TargetAttributes = {
					8D2D4CF329D4BD4300D5E610 = {
						CreatedOnToolsVersion = 14.2;
					};
				};
			};
			buildConfigurationList = 8D2D4CEF29D4BD4300D5E610 /* Build configuration list for PBXProject "TwitterCloneSwiftUI" */;
			compatibilityVersion = "Xcode 14.0";
			developmentRegion = en;
			hasScannedForEncodings = 0;
			knownRegions = (
				en,
				Base,
			);
			mainGroup = 8D2D4CEB29D4BD4300D5E610;
			packageReferences = (
				8D4FCD3329DB7A6B00DC6D01 /* XCRemoteSwiftPackageReference "firebase-ios-sdk" */,
			);
			productRefGroup = 8D2D4CF529D4BD4300D5E610 /* Products */;
			projectDirPath = "";
			projectRoot = "";
			targets = (
				8D2D4CF329D4BD4300D5E610 /* TwitterCloneSwiftUI */,
			);
		};
/* End PBXProject section */

/* Begin PBXResourcesBuildPhase section */
		8D2D4CF229D4BD4300D5E610 /* Resources */ = {
			isa = PBXResourcesBuildPhase;
			buildActionMask = 2147483647;
			files = (
				8D2D4CFF29D4BD4400D5E610 /* Preview Assets.xcassets in Resources */,
				8D2D4CFC29D4BD4400D5E610 /* Assets.xcassets in Resources */,
				8D4FCD3229DB796600DC6D01 /* GoogleService-Info.plist in Resources */,
			);
			runOnlyForDeploymentPostprocessing = 0;
		};
/* End PBXResourcesBuildPhase section */

/* Begin PBXSourcesBuildPhase section */
		8D2D4CF029D4BD4300D5E610 /* Sources */ = {
			isa = PBXSourcesBuildPhase;
			buildActionMask = 2147483647;
			files = (
				8D2D4CFA29D4BD4300D5E610 /* ContentView.swift in Sources */,
				8D2D4D2629D5E3D900D5E610 /* ProfileView.swift in Sources */,
				8DD6A8CF29E30E3000F8E7FD /* ImagePicker.swift in Sources */,
				8D2D4D1229D4CBC400D5E610 /* TweetRowView.swift in Sources */,
				8D2D4D0F29D4BD4400D5E610 /* FeedView.swift in Sources */,
				8DD6A8D129E3190600F8E7FD /* ImageUploader.swift in Sources */,
				8D96184029DB71EA00306152 /* CustomInputField.swift in Sources */,
				8D2D4D2829D5E3D900D5E610 /* TweetFilterViewModel.swift in Sources */,
				8D2D4CF829D4BD4300D5E610 /* TwitterCloneSwiftUIApp.swift in Sources */,
				8D2D4D3229D75B8E00D5E610 /* SideMenuView.swift in Sources */,
				8D19E58B29DF3462000ABF28 /* ProfilePhotoSelectorView.swift in Sources */,
				8D2D4D2229D4D6BC00D5E610 /* MessegesView.swift in Sources */,
				8D2D4D1E29D4D67F00D5E610 /* ExploreView.swift in Sources */,
				8D2D4D3829D75C2D00D5E610 /* SideMenuViewModel.swift in Sources */,
				8DD91DEA29DA1FCC00D72D75 /* TextArea.swift in Sources */,
				8D2D4D3C29D88D9400D5E610 /* SideMenuOptionRowView.swift in Sources */,
				8D96183A29DB223500306152 /* LoginView.swift in Sources */,
				8D96183C29DB224200306152 /* RegistrationView.swift in Sources */,
				8DD91DE829DA1DF900D72D75 /* NewTweetView.swift in Sources */,
				8D96184329DC300100306152 /* AuthHeaderView.swift in Sources */,
				8D4FCD5029DC9D3100DC6D01 /* AuthViewModel.swift in Sources */,
				8D96183E29DB266E00306152 /* RoundedShape.swift in Sources */,
				8D2D4D2D29D5F98200D5E610 /* UserRowView.swift in Sources */,
				8D2D4D1829D4D44B00D5E610 /* MainTabView.swift in Sources */,
				8D2D4D2029D4D6A500D5E610 /* NotificationsView.swift in Sources */,
				8D2D4D3A29D7613200D5E610 /* UserStatsView.swift in Sources */,
			);
			runOnlyForDeploymentPostprocessing = 0;
		};
/* End PBXSourcesBuildPhase section */

/* Begin XCBuildConfiguration section */
		8D2D4D0029D4BD4400D5E610 /* Debug */ = {
			isa = XCBuildConfiguration;
			buildSettings = {
				ALWAYS_SEARCH_USER_PATHS = NO;
				CLANG_ANALYZER_NONNULL = YES;
				CLANG_ANALYZER_NUMBER_OBJECT_CONVERSION = YES_AGGRESSIVE;
				CLANG_CXX_LANGUAGE_STANDARD = "gnu++20";
				CLANG_ENABLE_MODULES = YES;
				CLANG_ENABLE_OBJC_ARC = YES;
				CLANG_ENABLE_OBJC_WEAK = YES;
				CLANG_WARN_BLOCK_CAPTURE_AUTORELEASING = YES;
				CLANG_WARN_BOOL_CONVERSION = YES;
				CLANG_WARN_COMMA = YES;
				CLANG_WARN_CONSTANT_CONVERSION = YES;
				CLANG_WARN_DEPRECATED_OBJC_IMPLEMENTATIONS = YES;
				CLANG_WARN_DIRECT_OBJC_ISA_USAGE = YES_ERROR;
				CLANG_WARN_DOCUMENTATION_COMMENTS = YES;
				CLANG_WARN_EMPTY_BODY = YES;
				CLANG_WARN_ENUM_CONVERSION = YES;
				CLANG_WARN_INFINITE_RECURSION = YES;
				CLANG_WARN_INT_CONVERSION = YES;
				CLANG_WARN_NON_LITERAL_NULL_CONVERSION = YES;
				CLANG_WARN_OBJC_IMPLICIT_RETAIN_SELF = YES;
				CLANG_WARN_OBJC_LITERAL_CONVERSION = YES;
				CLANG_WARN_OBJC_ROOT_CLASS = YES_ERROR;
				CLANG_WARN_QUOTED_INCLUDE_IN_FRAMEWORK_HEADER = YES;
				CLANG_WARN_RANGE_LOOP_ANALYSIS = YES;
				CLANG_WARN_STRICT_PROTOTYPES = YES;
				CLANG_WARN_SUSPICIOUS_MOVE = YES;
				CLANG_WARN_UNGUARDED_AVAILABILITY = YES_AGGRESSIVE;
				CLANG_WARN_UNREACHABLE_CODE = YES;
				CLANG_WARN__DUPLICATE_METHOD_MATCH = YES;
				COPY_PHASE_STRIP = NO;
				DEBUG_INFORMATION_FORMAT = dwarf;
				ENABLE_STRICT_OBJC_MSGSEND = YES;
				ENABLE_TESTABILITY = YES;
				GCC_C_LANGUAGE_STANDARD = gnu11;
				GCC_DYNAMIC_NO_PIC = NO;
				GCC_NO_COMMON_BLOCKS = YES;
				GCC_OPTIMIZATION_LEVEL = 0;
				GCC_PREPROCESSOR_DEFINITIONS = (
					"DEBUG=1",
					"$(inherited)",
				);
				GCC_WARN_64_TO_32_BIT_CONVERSION = YES;
				GCC_WARN_ABOUT_RETURN_TYPE = YES_ERROR;
				GCC_WARN_UNDECLARED_SELECTOR = YES;
				GCC_WARN_UNINITIALIZED_AUTOS = YES_AGGRESSIVE;
				GCC_WARN_UNUSED_FUNCTION = YES;
				GCC_WARN_UNUSED_VARIABLE = YES;
				IPHONEOS_DEPLOYMENT_TARGET = 16.2;
				MTL_ENABLE_DEBUG_INFO = INCLUDE_SOURCE;
				MTL_FAST_MATH = YES;
				ONLY_ACTIVE_ARCH = YES;
				SDKROOT = iphoneos;
				SWIFT_ACTIVE_COMPILATION_CONDITIONS = DEBUG;
				SWIFT_OPTIMIZATION_LEVEL = "-Onone";
			};
			name = Debug;
		};
		8D2D4D0129D4BD4400D5E610 /* Release */ = {
			isa = XCBuildConfiguration;
			buildSettings = {
				ALWAYS_SEARCH_USER_PATHS = NO;
				CLANG_ANALYZER_NONNULL = YES;
				CLANG_ANALYZER_NUMBER_OBJECT_CONVERSION = YES_AGGRESSIVE;
				CLANG_CXX_LANGUAGE_STANDARD = "gnu++20";
				CLANG_ENABLE_MODULES = YES;
				CLANG_ENABLE_OBJC_ARC = YES;
				CLANG_ENABLE_OBJC_WEAK = YES;
				CLANG_WARN_BLOCK_CAPTURE_AUTORELEASING = YES;
				CLANG_WARN_BOOL_CONVERSION = YES;
				CLANG_WARN_COMMA = YES;
				CLANG_WARN_CONSTANT_CONVERSION = YES;
				CLANG_WARN_DEPRECATED_OBJC_IMPLEMENTATIONS = YES;
				CLANG_WARN_DIRECT_OBJC_ISA_USAGE = YES_ERROR;
				CLANG_WARN_DOCUMENTATION_COMMENTS = YES;
				CLANG_WARN_EMPTY_BODY = YES;
				CLANG_WARN_ENUM_CONVERSION = YES;
				CLANG_WARN_INFINITE_RECURSION = YES;
				CLANG_WARN_INT_CONVERSION = YES;
				CLANG_WARN_NON_LITERAL_NULL_CONVERSION = YES;
				CLANG_WARN_OBJC_IMPLICIT_RETAIN_SELF = YES;
				CLANG_WARN_OBJC_LITERAL_CONVERSION = YES;
				CLANG_WARN_OBJC_ROOT_CLASS = YES_ERROR;
				CLANG_WARN_QUOTED_INCLUDE_IN_FRAMEWORK_HEADER = YES;
				CLANG_WARN_RANGE_LOOP_ANALYSIS = YES;
				CLANG_WARN_STRICT_PROTOTYPES = YES;
				CLANG_WARN_SUSPICIOUS_MOVE = YES;
				CLANG_WARN_UNGUARDED_AVAILABILITY = YES_AGGRESSIVE;
				CLANG_WARN_UNREACHABLE_CODE = YES;
				CLANG_WARN__DUPLICATE_METHOD_MATCH = YES;
				COPY_PHASE_STRIP = NO;
				DEBUG_INFORMATION_FORMAT = "dwarf-with-dsym";
				ENABLE_NS_ASSERTIONS = NO;
				ENABLE_STRICT_OBJC_MSGSEND = YES;
				GCC_C_LANGUAGE_STANDARD = gnu11;
				GCC_NO_COMMON_BLOCKS = YES;
				GCC_WARN_64_TO_32_BIT_CONVERSION = YES;
				GCC_WARN_ABOUT_RETURN_TYPE = YES_ERROR;
				GCC_WARN_UNDECLARED_SELECTOR = YES;
				GCC_WARN_UNINITIALIZED_AUTOS = YES_AGGRESSIVE;
				GCC_WARN_UNUSED_FUNCTION = YES;
				GCC_WARN_UNUSED_VARIABLE = YES;
				IPHONEOS_DEPLOYMENT_TARGET = 16.2;
				MTL_ENABLE_DEBUG_INFO = NO;
				MTL_FAST_MATH = YES;
				SDKROOT = iphoneos;
				SWIFT_COMPILATION_MODE = wholemodule;
				SWIFT_OPTIMIZATION_LEVEL = "-O";
				VALIDATE_PRODUCT = YES;
			};
			name = Release;
		};
		8D2D4D0329D4BD4400D5E610 /* Debug */ = {
			isa = XCBuildConfiguration;
			buildSettings = {
				ASSETCATALOG_COMPILER_APPICON_NAME = AppIcon;
				ASSETCATALOG_COMPILER_GLOBAL_ACCENT_COLOR_NAME = AccentColor;
				CODE_SIGN_STYLE = Automatic;
				CURRENT_PROJECT_VERSION = 1;
				DEVELOPMENT_ASSET_PATHS = "\"TwitterCloneSwiftUI/Preview Content\"";
				DEVELOPMENT_TEAM = Z58TCN89AP;
				ENABLE_PREVIEWS = YES;
				GENERATE_INFOPLIST_FILE = YES;
				INFOPLIST_KEY_UIApplicationSceneManifest_Generation = YES;
				INFOPLIST_KEY_UIApplicationSupportsIndirectInputEvents = YES;
				INFOPLIST_KEY_UILaunchScreen_Generation = YES;
				INFOPLIST_KEY_UISupportedInterfaceOrientations_iPad = "UIInterfaceOrientationPortrait UIInterfaceOrientationPortraitUpsideDown UIInterfaceOrientationLandscapeLeft UIInterfaceOrientationLandscapeRight";
				INFOPLIST_KEY_UISupportedInterfaceOrientations_iPhone = "UIInterfaceOrientationPortrait UIInterfaceOrientationLandscapeLeft UIInterfaceOrientationLandscapeRight";
				LD_RUNPATH_SEARCH_PATHS = (
					"$(inherited)",
					"@executable_path/Frameworks",
				);
				MARKETING_VERSION = 1.0;
				PRODUCT_BUNDLE_IDENTIFIER = ru.mrjeris.TwitterCloneSwiftUI;
				PRODUCT_NAME = "$(TARGET_NAME)";
				SWIFT_EMIT_LOC_STRINGS = YES;
				SWIFT_VERSION = 5.0;
				TARGETED_DEVICE_FAMILY = "1,2";
			};
			name = Debug;
		};
		8D2D4D0429D4BD4400D5E610 /* Release */ = {
			isa = XCBuildConfiguration;
			buildSettings = {
				ASSETCATALOG_COMPILER_APPICON_NAME = AppIcon;
				ASSETCATALOG_COMPILER_GLOBAL_ACCENT_COLOR_NAME = AccentColor;
				CODE_SIGN_STYLE = Automatic;
				CURRENT_PROJECT_VERSION = 1;
				DEVELOPMENT_ASSET_PATHS = "\"TwitterCloneSwiftUI/Preview Content\"";
				DEVELOPMENT_TEAM = Z58TCN89AP;
				ENABLE_PREVIEWS = YES;
				GENERATE_INFOPLIST_FILE = YES;
				INFOPLIST_KEY_UIApplicationSceneManifest_Generation = YES;
				INFOPLIST_KEY_UIApplicationSupportsIndirectInputEvents = YES;
				INFOPLIST_KEY_UILaunchScreen_Generation = YES;
				INFOPLIST_KEY_UISupportedInterfaceOrientations_iPad = "UIInterfaceOrientationPortrait UIInterfaceOrientationPortraitUpsideDown UIInterfaceOrientationLandscapeLeft UIInterfaceOrientationLandscapeRight";
				INFOPLIST_KEY_UISupportedInterfaceOrientations_iPhone = "UIInterfaceOrientationPortrait UIInterfaceOrientationLandscapeLeft UIInterfaceOrientationLandscapeRight";
				LD_RUNPATH_SEARCH_PATHS = (
					"$(inherited)",
					"@executable_path/Frameworks",
				);
				MARKETING_VERSION = 1.0;
				PRODUCT_BUNDLE_IDENTIFIER = ru.mrjeris.TwitterCloneSwiftUI;
				PRODUCT_NAME = "$(TARGET_NAME)";
				SWIFT_EMIT_LOC_STRINGS = YES;
				SWIFT_VERSION = 5.0;
				TARGETED_DEVICE_FAMILY = "1,2";
			};
			name = Release;
		};
/* End XCBuildConfiguration section */

/* Begin XCConfigurationList section */
		8D2D4CEF29D4BD4300D5E610 /* Build configuration list for PBXProject "TwitterCloneSwiftUI" */ = {
			isa = XCConfigurationList;
			buildConfigurations = (
				8D2D4D0029D4BD4400D5E610 /* Debug */,
				8D2D4D0129D4BD4400D5E610 /* Release */,
			);
			defaultConfigurationIsVisible = 0;
			defaultConfigurationName = Release;
		};
		8D2D4D0229D4BD4400D5E610 /* Build configuration list for PBXNativeTarget "TwitterCloneSwiftUI" */ = {
			isa = XCConfigurationList;
			buildConfigurations = (
				8D2D4D0329D4BD4400D5E610 /* Debug */,
				8D2D4D0429D4BD4400D5E610 /* Release */,
			);
			defaultConfigurationIsVisible = 0;
			defaultConfigurationName = Release;
		};
/* End XCConfigurationList section */

/* Begin XCRemoteSwiftPackageReference section */
		8D4FCD3329DB7A6B00DC6D01 /* XCRemoteSwiftPackageReference "firebase-ios-sdk" */ = {
			isa = XCRemoteSwiftPackageReference;
			repositoryURL = "https://github.com/firebase/firebase-ios-sdk";
			requirement = {
				kind = upToNextMajorVersion;
				minimumVersion = 9.0.0;
			};
		};
/* End XCRemoteSwiftPackageReference section */

/* Begin XCSwiftPackageProductDependency section */
		8D4FCD3429DB7A6B00DC6D01 /* FirebaseAuth */ = {
			isa = XCSwiftPackageProductDependency;
			package = 8D4FCD3329DB7A6B00DC6D01 /* XCRemoteSwiftPackageReference "firebase-ios-sdk" */;
			productName = FirebaseAuth;
		};
		8D4FCD3629DB7A6B00DC6D01 /* FirebaseFirestore */ = {
			isa = XCSwiftPackageProductDependency;
			package = 8D4FCD3329DB7A6B00DC6D01 /* XCRemoteSwiftPackageReference "firebase-ios-sdk" */;
			productName = FirebaseFirestore;
		};
		8D4FCD3829DB7A6B00DC6D01 /* FirebaseFirestoreSwift */ = {
			isa = XCSwiftPackageProductDependency;
			package = 8D4FCD3329DB7A6B00DC6D01 /* XCRemoteSwiftPackageReference "firebase-ios-sdk" */;
			productName = FirebaseFirestoreSwift;
		};
		8D4FCD3A29DB7A6B00DC6D01 /* FirebaseStorage */ = {
			isa = XCSwiftPackageProductDependency;
			package = 8D4FCD3329DB7A6B00DC6D01 /* XCRemoteSwiftPackageReference "firebase-ios-sdk" */;
			productName = FirebaseStorage;
		};
/* End XCSwiftPackageProductDependency section */
	};
	rootObject = 8D2D4CEC29D4BD4300D5E610 /* Project object */;
}
